// !$*UTF8*$!
{
	archiveVersion = 1;
	classes = {
	};
	objectVersion = 56;
	objects = {

/* Begin PBXBuildFile section */
		BB18EB9E2B7E08D300786AE2 /* Manager.swift in Sources */ = {isa = PBXBuildFile; fileRef = BB18EB9D2B7E08D300786AE2 /* Manager.swift */; };
		BB18EBA02B7E277400786AE2 /* NavigationBarBack.swift in Sources */ = {isa = PBXBuildFile; fileRef = BB18EB9F2B7E277400786AE2 /* NavigationBarBack.swift */; };
		BB29F6172B8A6C0E00853361 /* PopularView.swift in Sources */ = {isa = PBXBuildFile; fileRef = BB29F6162B8A6C0E00853361 /* PopularView.swift */; };
		BB29F6192B8A6C1C00853361 /* PopularCell.swift in Sources */ = {isa = PBXBuildFile; fileRef = BB29F6182B8A6C1C00853361 /* PopularCell.swift */; };
		BB29F61D2B8B851900853361 /* PopularArticleView.swift in Sources */ = {isa = PBXBuildFile; fileRef = BB29F61C2B8B851800853361 /* PopularArticleView.swift */; };
		BB29F61F2B8BE75F00853361 /* NetworkMonitor.swift in Sources */ = {isa = PBXBuildFile; fileRef = BB29F61E2B8BE75F00853361 /* NetworkMonitor.swift */; };
		BB29F6212B8BE83A00853361 /* NoConnection.swift in Sources */ = {isa = PBXBuildFile; fileRef = BB29F6202B8BE83A00853361 /* NoConnection.swift */; };
		BB29F6242B8BEFB000853361 /* MenuItem.swift in Sources */ = {isa = PBXBuildFile; fileRef = BB29F6232B8BEFB000853361 /* MenuItem.swift */; };
		BB2A556C2B7EA80B001F1993 /* SwiftSoup in Frameworks */ = {isa = PBXBuildFile; productRef = BB2A556B2B7EA80B001F1993 /* SwiftSoup */; };
		BB2A556F2B7F97C0001F1993 /* KKVK.swift in Sources */ = {isa = PBXBuildFile; fileRef = BB2A556E2B7F97C0001F1993 /* KKVK.swift */; };
		BB2A55712B83F5C8001F1993 /* ArticleBody.swift in Sources */ = {isa = PBXBuildFile; fileRef = BB2A55702B83F5C8001F1993 /* ArticleBody.swift */; };
		BB2A55732B852E6D001F1993 /* ContentUsage.swift in Sources */ = {isa = PBXBuildFile; fileRef = BB2A55722B852E6D001F1993 /* ContentUsage.swift */; };
		BB2A55752B85400B001F1993 /* Announcement.swift in Sources */ = {isa = PBXBuildFile; fileRef = BB2A55742B85400B001F1993 /* Announcement.swift */; };
		BB3CECED2B75964D00DF287B /* loadingScreen.swift in Sources */ = {isa = PBXBuildFile; fileRef = BB3CECEC2B75964D00DF287B /* loadingScreen.swift */; };
		BB5891022B93441C00B72DDA /* NotificationService.swift in Sources */ = {isa = PBXBuildFile; fileRef = BB5891012B93441C00B72DDA /* NotificationService.swift */; };
		BB5891062B93441C00B72DDA /* OneSignalNotificationServiceExtension.appex in Embed Foundation Extensions */ = {isa = PBXBuildFile; fileRef = BB5890FF2B93441C00B72DDA /* OneSignalNotificationServiceExtension.appex */; settings = {ATTRIBUTES = (RemoveHeadersOnCopy, ); }; };
		BB58910E2B93472900B72DDA /* OneSignalExtension in Frameworks */ = {isa = PBXBuildFile; productRef = BB58910D2B93472900B72DDA /* OneSignalExtension */; };
		BB5891102B93472900B72DDA /* OneSignalFramework in Frameworks */ = {isa = PBXBuildFile; productRef = BB58910F2B93472900B72DDA /* OneSignalFramework */; };
		BB5891122B93472900B72DDA /* OneSignalInAppMessages in Frameworks */ = {isa = PBXBuildFile; productRef = BB5891112B93472900B72DDA /* OneSignalInAppMessages */; };
		BB5891142B94800400B72DDA /* SearchView.swift in Sources */ = {isa = PBXBuildFile; fileRef = BB5891132B94800400B72DDA /* SearchView.swift */; };
		BB5C7DFF2B9A3DAE0081AC52 /* search.json in Resources */ = {isa = PBXBuildFile; fileRef = BB5C7DFE2B9A3DAE0081AC52 /* search.json */; };
		BB5C7E012B9A439B0081AC52 /* Constants.swift in Sources */ = {isa = PBXBuildFile; fileRef = BB5C7E002B9A439B0081AC52 /* Constants.swift */; };
		BB5C7E0D2B9F6ACC0081AC52 /* MadeIn.swift in Sources */ = {isa = PBXBuildFile; fileRef = BB5C7E0C2B9F6ACC0081AC52 /* MadeIn.swift */; };
		BB716CA02B94FEC600A440FE /* CategoryRectangleNew.swift in Sources */ = {isa = PBXBuildFile; fileRef = BB716C9F2B94FEC600A440FE /* CategoryRectangleNew.swift */; };
		BB716CA62B95250400A440FE /* Comfortaa-Bold.ttf in Resources */ = {isa = PBXBuildFile; fileRef = BB716CA32B95250400A440FE /* Comfortaa-Bold.ttf */; };
		BB716CA72B95250400A440FE /* Comfortaa-Light.ttf in Resources */ = {isa = PBXBuildFile; fileRef = BB716CA42B95250400A440FE /* Comfortaa-Light.ttf */; };
		BB716CA82B95250400A440FE /* Comfortaa-Regular.ttf in Resources */ = {isa = PBXBuildFile; fileRef = BB716CA52B95250400A440FE /* Comfortaa-Regular.ttf */; };
		BB716CAC2B96837C00A440FE /* GoogleMobileAds in Frameworks */ = {isa = PBXBuildFile; productRef = BB716CAB2B96837C00A440FE /* GoogleMobileAds */; };
		BB716CAE2B9686FF00A440FE /* NativeAdView.swift in Sources */ = {isa = PBXBuildFile; fileRef = BB716CAD2B9686FF00A440FE /* NativeAdView.swift */; };
		BB716CB02B970B0C00A440FE /* ViewModelAd.swift in Sources */ = {isa = PBXBuildFile; fileRef = BB716CAF2B970B0C00A440FE /* ViewModelAd.swift */; };
		BB716CB22B9713E800A440FE /* NativeAdView.xib in Resources */ = {isa = PBXBuildFile; fileRef = BB716CB12B9713E800A440FE /* NativeAdView.xib */; };
		BB7388AA2B8D19BC007F792F /* MailView.swift in Sources */ = {isa = PBXBuildFile; fileRef = BB7388A92B8D19BC007F792F /* MailView.swift */; };
		BB852E832B6FA1B100AA7043 /* PolimatsUIApp.swift in Sources */ = {isa = PBXBuildFile; fileRef = BB852E822B6FA1B100AA7043 /* PolimatsUIApp.swift */; };
		BB852E872B6FA1B300AA7043 /* Assets.xcassets in Resources */ = {isa = PBXBuildFile; fileRef = BB852E862B6FA1B300AA7043 /* Assets.xcassets */; };
		BB852E8A2B6FA1B300AA7043 /* Preview Assets.xcassets in Resources */ = {isa = PBXBuildFile; fileRef = BB852E892B6FA1B300AA7043 /* Preview Assets.xcassets */; };
		BB852E8C2B6FA1B300AA7043 /* Persistence.swift in Sources */ = {isa = PBXBuildFile; fileRef = BB852E8B2B6FA1B300AA7043 /* Persistence.swift */; };
		BB852E8F2B6FA1B300AA7043 /* PolimatsUI.xcdatamodeld in Sources */ = {isa = PBXBuildFile; fileRef = BB852E8D2B6FA1B300AA7043 /* PolimatsUI.xcdatamodeld */; };
		BB852E9A2B6FA26B00AA7043 /* DataModel.swift in Sources */ = {isa = PBXBuildFile; fileRef = BB852E992B6FA26B00AA7043 /* DataModel.swift */; };
		BB852E9C2B6FA38300AA7043 /* NetworkManager.swift in Sources */ = {isa = PBXBuildFile; fileRef = BB852E9B2B6FA38300AA7043 /* NetworkManager.swift */; };
		BB852E9E2B6FA82A00AA7043 /* MainPageViewModel.swift in Sources */ = {isa = PBXBuildFile; fileRef = BB852E9D2B6FA82A00AA7043 /* MainPageViewModel.swift */; };
		BB852EA02B6FB0A000AA7043 /* CategoryView.swift in Sources */ = {isa = PBXBuildFile; fileRef = BB852E9F2B6FB0A000AA7043 /* CategoryView.swift */; };
		BB852EA52B6FC15300AA7043 /* CategoryViewCell.swift in Sources */ = {isa = PBXBuildFile; fileRef = BB852EA42B6FC15300AA7043 /* CategoryViewCell.swift */; };
		BB852EA72B6FCA7700AA7043 /* ImageHandle.swift in Sources */ = {isa = PBXBuildFile; fileRef = BB852EA62B6FCA7700AA7043 /* ImageHandle.swift */; };
		BB852EAB2B701BDB00AA7043 /* NavigationBar.swift in Sources */ = {isa = PBXBuildFile; fileRef = BB852EAA2B701BDB00AA7043 /* NavigationBar.swift */; };
		BB852EAE2B704A8600AA7043 /* LoadingViewLogo.swift in Sources */ = {isa = PBXBuildFile; fileRef = BB852EAD2B704A8600AA7043 /* LoadingViewLogo.swift */; };
		BB852EB22B704C0D00AA7043 /* Roboto-Regular.ttf in Resources */ = {isa = PBXBuildFile; fileRef = BB852EAF2B704C0D00AA7043 /* Roboto-Regular.ttf */; };
		BB852EB32B704C0D00AA7043 /* Roboto-Bold.ttf in Resources */ = {isa = PBXBuildFile; fileRef = BB852EB02B704C0D00AA7043 /* Roboto-Bold.ttf */; };
		BB852EB42B704C0D00AA7043 /* Roboto-Medium.ttf in Resources */ = {isa = PBXBuildFile; fileRef = BB852EB12B704C0D00AA7043 /* Roboto-Medium.ttf */; };
		BB852EB72B705A1900AA7043 /* CategoryRectangle.swift in Sources */ = {isa = PBXBuildFile; fileRef = BB852EB62B705A1900AA7043 /* CategoryRectangle.swift */; };
		BB852EB92B71658700AA7043 /* ArticleView.swift in Sources */ = {isa = PBXBuildFile; fileRef = BB852EB82B71658700AA7043 /* ArticleView.swift */; };
		BB852EBB2B71666B00AA7043 /* EndArticle.swift in Sources */ = {isa = PBXBuildFile; fileRef = BB852EBA2B71666B00AA7043 /* EndArticle.swift */; };
		BB852EBD2B72304000AA7043 /* Categories.swift in Sources */ = {isa = PBXBuildFile; fileRef = BB852EBC2B72304000AA7043 /* Categories.swift */; };
		BB852EC12B72EA4700AA7043 /* UpButton.swift in Sources */ = {isa = PBXBuildFile; fileRef = BB852EC02B72EA4700AA7043 /* UpButton.swift */; };
		BB852EC32B72EB9C00AA7043 /* TabBarItems.swift in Sources */ = {isa = PBXBuildFile; fileRef = BB852EC22B72EB9C00AA7043 /* TabBarItems.swift */; };
		BB852EC52B72F05C00AA7043 /* TabView.swift in Sources */ = {isa = PBXBuildFile; fileRef = BB852EC42B72F05C00AA7043 /* TabView.swift */; };
		BBA38C972B8E4BEE00E4BC34 /* Lottie in Frameworks */ = {isa = PBXBuildFile; productRef = BBA38C962B8E4BEE00E4BC34 /* Lottie */; };
		BBA38C9D2B8E919400E4BC34 /* EndArticleCategory.swift in Sources */ = {isa = PBXBuildFile; fileRef = BBA38C9C2B8E919400E4BC34 /* EndArticleCategory.swift */; };
		BBA3CACD2BA46EC20048ECB8 /* wifi.json in Resources */ = {isa = PBXBuildFile; fileRef = BBA3CACC2BA46EC20048ECB8 /* wifi.json */; };
		BBBB7D362B976F4400244FB0 /* ForYouView.swift in Sources */ = {isa = PBXBuildFile; fileRef = BBBB7D352B976F4400244FB0 /* ForYouView.swift */; };
		BBBB7D382B97A47C00244FB0 /* ForYouBeginning.swift in Sources */ = {isa = PBXBuildFile; fileRef = BBBB7D372B97A47C00244FB0 /* ForYouBeginning.swift */; };
		BBC3AD702B8627F7008BE6B5 /* Team.swift in Sources */ = {isa = PBXBuildFile; fileRef = BBC3AD6F2B8627F7008BE6B5 /* Team.swift */; };
		BBC3AD722B864F83008BE6B5 /* AboutUs.swift in Sources */ = {isa = PBXBuildFile; fileRef = BBC3AD712B864F83008BE6B5 /* AboutUs.swift */; };
		BBC3AD742B86A139008BE6B5 /* Writer.swift in Sources */ = {isa = PBXBuildFile; fileRef = BBC3AD732B86A139008BE6B5 /* Writer.swift */; };
		BBC3AD782B875408008BE6B5 /* MoreArticle.swift in Sources */ = {isa = PBXBuildFile; fileRef = BBC3AD772B875408008BE6B5 /* MoreArticle.swift */; };
		BBC3AD7E2B875AA5008BE6B5 /* ScrollArticle.swift in Sources */ = {isa = PBXBuildFile; fileRef = BBC3AD7D2B875AA5008BE6B5 /* ScrollArticle.swift */; };
		BBC3AD802B87D84D008BE6B5 /* MenuView.swift in Sources */ = {isa = PBXBuildFile; fileRef = BBC3AD7F2B87D84D008BE6B5 /* MenuView.swift */; };
		BBF816C52B7D5240009CEFBA /* ArticleViewBegining.swift in Sources */ = {isa = PBXBuildFile; fileRef = BBF816C42B7D5240009CEFBA /* ArticleViewBegining.swift */; };
/* End PBXBuildFile section */

/* Begin PBXContainerItemProxy section */
		BB5891042B93441C00B72DDA /* PBXContainerItemProxy */ = {
			isa = PBXContainerItemProxy;
			containerPortal = BB852E772B6FA1B100AA7043 /* Project object */;
			proxyType = 1;
			remoteGlobalIDString = BB5890FE2B93441C00B72DDA;
			remoteInfo = OneSignalNotificationServiceExtension;
		};
/* End PBXContainerItemProxy section */

/* Begin PBXCopyFilesBuildPhase section */
		BB58910A2B93441C00B72DDA /* Embed Foundation Extensions */ = {
			isa = PBXCopyFilesBuildPhase;
			buildActionMask = 2147483647;
			dstPath = "";
			dstSubfolderSpec = 13;
			files = (
				BB5891062B93441C00B72DDA /* OneSignalNotificationServiceExtension.appex in Embed Foundation Extensions */,
			);
			name = "Embed Foundation Extensions";
			runOnlyForDeploymentPostprocessing = 0;
		};
/* End PBXCopyFilesBuildPhase section */

/* Begin PBXFileReference section */
		BB18EB9D2B7E08D300786AE2 /* Manager.swift */ = {isa = PBXFileReference; lastKnownFileType = sourcecode.swift; path = Manager.swift; sourceTree = "<group>"; };
		BB18EB9F2B7E277400786AE2 /* NavigationBarBack.swift */ = {isa = PBXFileReference; lastKnownFileType = sourcecode.swift; path = NavigationBarBack.swift; sourceTree = "<group>"; };
		BB29F6162B8A6C0E00853361 /* PopularView.swift */ = {isa = PBXFileReference; lastKnownFileType = sourcecode.swift; path = PopularView.swift; sourceTree = "<group>"; };
		BB29F6182B8A6C1C00853361 /* PopularCell.swift */ = {isa = PBXFileReference; lastKnownFileType = sourcecode.swift; path = PopularCell.swift; sourceTree = "<group>"; };
		BB29F61C2B8B851800853361 /* PopularArticleView.swift */ = {isa = PBXFileReference; lastKnownFileType = sourcecode.swift; path = PopularArticleView.swift; sourceTree = "<group>"; };
		BB29F61E2B8BE75F00853361 /* NetworkMonitor.swift */ = {isa = PBXFileReference; lastKnownFileType = sourcecode.swift; path = NetworkMonitor.swift; sourceTree = "<group>"; };
		BB29F6202B8BE83A00853361 /* NoConnection.swift */ = {isa = PBXFileReference; lastKnownFileType = sourcecode.swift; path = NoConnection.swift; sourceTree = "<group>"; };
		BB29F6232B8BEFB000853361 /* MenuItem.swift */ = {isa = PBXFileReference; lastKnownFileType = sourcecode.swift; path = MenuItem.swift; sourceTree = "<group>"; };
		BB2A556E2B7F97C0001F1993 /* KKVK.swift */ = {isa = PBXFileReference; lastKnownFileType = sourcecode.swift; path = KKVK.swift; sourceTree = "<group>"; };
		BB2A55702B83F5C8001F1993 /* ArticleBody.swift */ = {isa = PBXFileReference; lastKnownFileType = sourcecode.swift; path = ArticleBody.swift; sourceTree = "<group>"; };
		BB2A55722B852E6D001F1993 /* ContentUsage.swift */ = {isa = PBXFileReference; lastKnownFileType = sourcecode.swift; path = ContentUsage.swift; sourceTree = "<group>"; };
		BB2A55742B85400B001F1993 /* Announcement.swift */ = {isa = PBXFileReference; lastKnownFileType = sourcecode.swift; path = Announcement.swift; sourceTree = "<group>"; };
		BB3CECEC2B75964D00DF287B /* loadingScreen.swift */ = {isa = PBXFileReference; lastKnownFileType = sourcecode.swift; path = loadingScreen.swift; sourceTree = "<group>"; };
		BB5890FA2B9342C500B72DDA /* PolimatsUI.entitlements */ = {isa = PBXFileReference; lastKnownFileType = text.plist.entitlements; path = PolimatsUI.entitlements; sourceTree = "<group>"; };
		BB5890FF2B93441C00B72DDA /* OneSignalNotificationServiceExtension.appex */ = {isa = PBXFileReference; explicitFileType = "wrapper.app-extension"; includeInIndex = 0; path = OneSignalNotificationServiceExtension.appex; sourceTree = BUILT_PRODUCTS_DIR; };
		BB5891012B93441C00B72DDA /* NotificationService.swift */ = {isa = PBXFileReference; lastKnownFileType = sourcecode.swift; path = NotificationService.swift; sourceTree = "<group>"; };
		BB5891032B93441C00B72DDA /* Info.plist */ = {isa = PBXFileReference; lastKnownFileType = text.plist.xml; path = Info.plist; sourceTree = "<group>"; };
		BB58910B2B93467700B72DDA /* OneSignalNotificationServiceExtension.entitlements */ = {isa = PBXFileReference; lastKnownFileType = text.plist.entitlements; path = OneSignalNotificationServiceExtension.entitlements; sourceTree = "<group>"; };
		BB5891132B94800400B72DDA /* SearchView.swift */ = {isa = PBXFileReference; lastKnownFileType = sourcecode.swift; path = SearchView.swift; sourceTree = "<group>"; };
		BB5C7DFE2B9A3DAE0081AC52 /* search.json */ = {isa = PBXFileReference; fileEncoding = 4; lastKnownFileType = text.json; path = search.json; sourceTree = "<group>"; };
		BB5C7E002B9A439B0081AC52 /* Constants.swift */ = {isa = PBXFileReference; fileEncoding = 4; lastKnownFileType = sourcecode.swift; path = Constants.swift; sourceTree = "<group>"; };
		BB5C7E0C2B9F6ACC0081AC52 /* MadeIn.swift */ = {isa = PBXFileReference; lastKnownFileType = sourcecode.swift; path = MadeIn.swift; sourceTree = "<group>"; };
		BB716C9F2B94FEC600A440FE /* CategoryRectangleNew.swift */ = {isa = PBXFileReference; lastKnownFileType = sourcecode.swift; path = CategoryRectangleNew.swift; sourceTree = "<group>"; };
		BB716CA32B95250400A440FE /* Comfortaa-Bold.ttf */ = {isa = PBXFileReference; lastKnownFileType = file; path = "Comfortaa-Bold.ttf"; sourceTree = "<group>"; };
		BB716CA42B95250400A440FE /* Comfortaa-Light.ttf */ = {isa = PBXFileReference; lastKnownFileType = file; path = "Comfortaa-Light.ttf"; sourceTree = "<group>"; };
		BB716CA52B95250400A440FE /* Comfortaa-Regular.ttf */ = {isa = PBXFileReference; lastKnownFileType = file; path = "Comfortaa-Regular.ttf"; sourceTree = "<group>"; };
		BB716CAD2B9686FF00A440FE /* NativeAdView.swift */ = {isa = PBXFileReference; lastKnownFileType = sourcecode.swift; name = NativeAdView.swift; path = ../Other/NativeAdView.swift; sourceTree = "<group>"; };
		BB716CAF2B970B0C00A440FE /* ViewModelAd.swift */ = {isa = PBXFileReference; lastKnownFileType = sourcecode.swift; path = ViewModelAd.swift; sourceTree = "<group>"; };
		BB716CB12B9713E800A440FE /* NativeAdView.xib */ = {isa = PBXFileReference; lastKnownFileType = file.xib; path = NativeAdView.xib; sourceTree = "<group>"; };
		BB7388A92B8D19BC007F792F /* MailView.swift */ = {isa = PBXFileReference; lastKnownFileType = sourcecode.swift; path = MailView.swift; sourceTree = "<group>"; };
		BB852E7F2B6FA1B100AA7043 /* PolimatsUI.app */ = {isa = PBXFileReference; explicitFileType = wrapper.application; includeInIndex = 0; path = PolimatsUI.app; sourceTree = BUILT_PRODUCTS_DIR; };
		BB852E822B6FA1B100AA7043 /* PolimatsUIApp.swift */ = {isa = PBXFileReference; lastKnownFileType = sourcecode.swift; path = PolimatsUIApp.swift; sourceTree = "<group>"; };
		BB852E862B6FA1B300AA7043 /* Assets.xcassets */ = {isa = PBXFileReference; lastKnownFileType = folder.assetcatalog; path = Assets.xcassets; sourceTree = "<group>"; };
		BB852E892B6FA1B300AA7043 /* Preview Assets.xcassets */ = {isa = PBXFileReference; lastKnownFileType = folder.assetcatalog; path = "Preview Assets.xcassets"; sourceTree = "<group>"; };
		BB852E8B2B6FA1B300AA7043 /* Persistence.swift */ = {isa = PBXFileReference; lastKnownFileType = sourcecode.swift; path = Persistence.swift; sourceTree = "<group>"; };
		BB852E8E2B6FA1B300AA7043 /* PolimatsUI.xcdatamodel */ = {isa = PBXFileReference; lastKnownFileType = wrapper.xcdatamodel; path = PolimatsUI.xcdatamodel; sourceTree = "<group>"; };
		BB852E992B6FA26B00AA7043 /* DataModel.swift */ = {isa = PBXFileReference; lastKnownFileType = sourcecode.swift; path = DataModel.swift; sourceTree = "<group>"; };
		BB852E9B2B6FA38300AA7043 /* NetworkManager.swift */ = {isa = PBXFileReference; lastKnownFileType = sourcecode.swift; path = NetworkManager.swift; sourceTree = "<group>"; };
		BB852E9D2B6FA82A00AA7043 /* MainPageViewModel.swift */ = {isa = PBXFileReference; lastKnownFileType = sourcecode.swift; path = MainPageViewModel.swift; sourceTree = "<group>"; };
		BB852E9F2B6FB0A000AA7043 /* CategoryView.swift */ = {isa = PBXFileReference; lastKnownFileType = sourcecode.swift; path = CategoryView.swift; sourceTree = "<group>"; };
		BB852EA42B6FC15300AA7043 /* CategoryViewCell.swift */ = {isa = PBXFileReference; lastKnownFileType = sourcecode.swift; path = CategoryViewCell.swift; sourceTree = "<group>"; };
		BB852EA62B6FCA7700AA7043 /* ImageHandle.swift */ = {isa = PBXFileReference; lastKnownFileType = sourcecode.swift; path = ImageHandle.swift; sourceTree = "<group>"; };
		BB852EAA2B701BDB00AA7043 /* NavigationBar.swift */ = {isa = PBXFileReference; lastKnownFileType = sourcecode.swift; path = NavigationBar.swift; sourceTree = "<group>"; };
		BB852EAD2B704A8600AA7043 /* LoadingViewLogo.swift */ = {isa = PBXFileReference; lastKnownFileType = sourcecode.swift; path = LoadingViewLogo.swift; sourceTree = "<group>"; };
		BB852EAF2B704C0D00AA7043 /* Roboto-Regular.ttf */ = {isa = PBXFileReference; lastKnownFileType = file; path = "Roboto-Regular.ttf"; sourceTree = "<group>"; };
		BB852EB02B704C0D00AA7043 /* Roboto-Bold.ttf */ = {isa = PBXFileReference; lastKnownFileType = file; path = "Roboto-Bold.ttf"; sourceTree = "<group>"; };
		BB852EB12B704C0D00AA7043 /* Roboto-Medium.ttf */ = {isa = PBXFileReference; lastKnownFileType = file; path = "Roboto-Medium.ttf"; sourceTree = "<group>"; };
		BB852EB52B704DA100AA7043 /* Info.plist */ = {isa = PBXFileReference; lastKnownFileType = text.plist; path = Info.plist; sourceTree = "<group>"; };
		BB852EB62B705A1900AA7043 /* CategoryRectangle.swift */ = {isa = PBXFileReference; lastKnownFileType = sourcecode.swift; path = CategoryRectangle.swift; sourceTree = "<group>"; };
		BB852EB82B71658700AA7043 /* ArticleView.swift */ = {isa = PBXFileReference; lastKnownFileType = sourcecode.swift; path = ArticleView.swift; sourceTree = "<group>"; };
		BB852EBA2B71666B00AA7043 /* EndArticle.swift */ = {isa = PBXFileReference; lastKnownFileType = sourcecode.swift; path = EndArticle.swift; sourceTree = "<group>"; };
		BB852EBC2B72304000AA7043 /* Categories.swift */ = {isa = PBXFileReference; lastKnownFileType = sourcecode.swift; path = Categories.swift; sourceTree = "<group>"; };
		BB852EC02B72EA4700AA7043 /* UpButton.swift */ = {isa = PBXFileReference; lastKnownFileType = sourcecode.swift; path = UpButton.swift; sourceTree = "<group>"; };
		BB852EC22B72EB9C00AA7043 /* TabBarItems.swift */ = {isa = PBXFileReference; lastKnownFileType = sourcecode.swift; path = TabBarItems.swift; sourceTree = "<group>"; };
		BB852EC42B72F05C00AA7043 /* TabView.swift */ = {isa = PBXFileReference; lastKnownFileType = sourcecode.swift; path = TabView.swift; sourceTree = "<group>"; };
		BBA38C9C2B8E919400E4BC34 /* EndArticleCategory.swift */ = {isa = PBXFileReference; lastKnownFileType = sourcecode.swift; path = EndArticleCategory.swift; sourceTree = "<group>"; };
		BBA3CACC2BA46EC20048ECB8 /* wifi.json */ = {isa = PBXFileReference; fileEncoding = 4; lastKnownFileType = text.json; path = wifi.json; sourceTree = "<group>"; };
		BBBB7D352B976F4400244FB0 /* ForYouView.swift */ = {isa = PBXFileReference; lastKnownFileType = sourcecode.swift; path = ForYouView.swift; sourceTree = "<group>"; };
		BBBB7D372B97A47C00244FB0 /* ForYouBeginning.swift */ = {isa = PBXFileReference; lastKnownFileType = sourcecode.swift; path = ForYouBeginning.swift; sourceTree = "<group>"; };
		BBC3AD6F2B8627F7008BE6B5 /* Team.swift */ = {isa = PBXFileReference; lastKnownFileType = sourcecode.swift; path = Team.swift; sourceTree = "<group>"; };
		BBC3AD712B864F83008BE6B5 /* AboutUs.swift */ = {isa = PBXFileReference; lastKnownFileType = sourcecode.swift; path = AboutUs.swift; sourceTree = "<group>"; };
		BBC3AD732B86A139008BE6B5 /* Writer.swift */ = {isa = PBXFileReference; lastKnownFileType = sourcecode.swift; path = Writer.swift; sourceTree = "<group>"; };
		BBC3AD772B875408008BE6B5 /* MoreArticle.swift */ = {isa = PBXFileReference; lastKnownFileType = sourcecode.swift; path = MoreArticle.swift; sourceTree = "<group>"; };
		BBC3AD7D2B875AA5008BE6B5 /* ScrollArticle.swift */ = {isa = PBXFileReference; lastKnownFileType = sourcecode.swift; path = ScrollArticle.swift; sourceTree = "<group>"; };
		BBC3AD7F2B87D84D008BE6B5 /* MenuView.swift */ = {isa = PBXFileReference; lastKnownFileType = sourcecode.swift; path = MenuView.swift; sourceTree = "<group>"; };
		BBF816C42B7D5240009CEFBA /* ArticleViewBegining.swift */ = {isa = PBXFileReference; lastKnownFileType = sourcecode.swift; path = ArticleViewBegining.swift; sourceTree = "<group>"; };
/* End PBXFileReference section */

/* Begin PBXFrameworksBuildPhase section */
		BB5890FC2B93441C00B72DDA /* Frameworks */ = {
			isa = PBXFrameworksBuildPhase;
			buildActionMask = 2147483647;
			files = (
				BB58910E2B93472900B72DDA /* OneSignalExtension in Frameworks */,
			);
			runOnlyForDeploymentPostprocessing = 0;
		};
		BB852E7C2B6FA1B100AA7043 /* Frameworks */ = {
			isa = PBXFrameworksBuildPhase;
			buildActionMask = 2147483647;
			files = (
				BB2A556C2B7EA80B001F1993 /* SwiftSoup in Frameworks */,
				BB5891102B93472900B72DDA /* OneSignalFramework in Frameworks */,
				BB716CAC2B96837C00A440FE /* GoogleMobileAds in Frameworks */,
				BB5891122B93472900B72DDA /* OneSignalInAppMessages in Frameworks */,
				BBA38C972B8E4BEE00E4BC34 /* Lottie in Frameworks */,
			);
			runOnlyForDeploymentPostprocessing = 0;
		};
/* End PBXFrameworksBuildPhase section */

/* Begin PBXGroup section */
		BB29F6152B8A6BDA00853361 /* PopularView */ = {
			isa = PBXGroup;
			children = (
				BB29F6162B8A6C0E00853361 /* PopularView.swift */,
				BB29F6182B8A6C1C00853361 /* PopularCell.swift */,
				BB29F61C2B8B851800853361 /* PopularArticleView.swift */,
			);
			path = PopularView;
			sourceTree = "<group>";
		};
		BB29F6222B8BEF9400853361 /* Menu */ = {
			isa = PBXGroup;
			children = (
				BBC3AD7F2B87D84D008BE6B5 /* MenuView.swift */,
				BB29F6232B8BEFB000853361 /* MenuItem.swift */,
				BB7388A92B8D19BC007F792F /* MailView.swift */,
			);
			path = Menu;
			sourceTree = "<group>";
		};
		BB2A556D2B7F97A5001F1993 /* EndArticle */ = {
			isa = PBXGroup;
			children = (
				BB852EBA2B71666B00AA7043 /* EndArticle.swift */,
				BBA38C9C2B8E919400E4BC34 /* EndArticleCategory.swift */,
				BB2A556E2B7F97C0001F1993 /* KKVK.swift */,
				BB2A55722B852E6D001F1993 /* ContentUsage.swift */,
				BB2A55742B85400B001F1993 /* Announcement.swift */,
				BBC3AD6F2B8627F7008BE6B5 /* Team.swift */,
				BBC3AD712B864F83008BE6B5 /* AboutUs.swift */,
				BB5C7E0C2B9F6ACC0081AC52 /* MadeIn.swift */,
			);
			path = EndArticle;
			sourceTree = "<group>";
		};
		BB5891002B93441C00B72DDA /* OneSignalNotificationServiceExtension */ = {
			isa = PBXGroup;
			children = (
				BB58910B2B93467700B72DDA /* OneSignalNotificationServiceExtension.entitlements */,
				BB5891012B93441C00B72DDA /* NotificationService.swift */,
				BB5891032B93441C00B72DDA /* Info.plist */,
			);
			path = OneSignalNotificationServiceExtension;
			sourceTree = "<group>";
		};
		BB716CA92B95D87E00A440FE /* Fonts */ = {
			isa = PBXGroup;
			children = (
				BB716CA32B95250400A440FE /* Comfortaa-Bold.ttf */,
				BB716CA42B95250400A440FE /* Comfortaa-Light.ttf */,
				BB716CA52B95250400A440FE /* Comfortaa-Regular.ttf */,
				BB852EB02B704C0D00AA7043 /* Roboto-Bold.ttf */,
				BB852EB12B704C0D00AA7043 /* Roboto-Medium.ttf */,
				BB852EAF2B704C0D00AA7043 /* Roboto-Regular.ttf */,
			);
			path = Fonts;
			sourceTree = "<group>";
		};
		BB716CB32B976DD900A440FE /* ForYou */ = {
			isa = PBXGroup;
			children = (
				BBBB7D352B976F4400244FB0 /* ForYouView.swift */,
				BBBB7D372B97A47C00244FB0 /* ForYouBeginning.swift */,
			);
			path = ForYou;
			sourceTree = "<group>";
		};
		BB852E762B6FA1B100AA7043 = {
			isa = PBXGroup;
			children = (
				BB852E812B6FA1B100AA7043 /* PolimatsUI */,
				BB5891002B93441C00B72DDA /* OneSignalNotificationServiceExtension */,
				BB852E802B6FA1B100AA7043 /* Products */,
			);
			sourceTree = "<group>";
		};
		BB852E802B6FA1B100AA7043 /* Products */ = {
			isa = PBXGroup;
			children = (
				BB852E7F2B6FA1B100AA7043 /* PolimatsUI.app */,
				BB5890FF2B93441C00B72DDA /* OneSignalNotificationServiceExtension.appex */,
			);
			name = Products;
			sourceTree = "<group>";
		};
		BB852E812B6FA1B100AA7043 /* PolimatsUI */ = {
			isa = PBXGroup;
			children = (
				BB5890FA2B9342C500B72DDA /* PolimatsUI.entitlements */,
				BB5C7DFE2B9A3DAE0081AC52 /* search.json */,
				BBA3CACC2BA46EC20048ECB8 /* wifi.json */,
				BB852EB52B704DA100AA7043 /* Info.plist */,
				BB852E822B6FA1B100AA7043 /* PolimatsUIApp.swift */,
				BB852EA12B6FBB8F00AA7043 /* Constant */,
				BB852E952B6FA23900AA7043 /* Model */,
				BB852E962B6FA23E00AA7043 /* Service */,
				BB852E972B6FA24800AA7043 /* ViewModel */,
				BB852E982B6FA25400AA7043 /* Views */,
				BB852E862B6FA1B300AA7043 /* Assets.xcassets */,
				BB716CA92B95D87E00A440FE /* Fonts */,
				BB852E8B2B6FA1B300AA7043 /* Persistence.swift */,
				BB852E8D2B6FA1B300AA7043 /* PolimatsUI.xcdatamodeld */,
				BB852E882B6FA1B300AA7043 /* Preview Content */,
			);
			path = PolimatsUI;
			sourceTree = "<group>";
		};
		BB852E882B6FA1B300AA7043 /* Preview Content */ = {
			isa = PBXGroup;
			children = (
				BB852E892B6FA1B300AA7043 /* Preview Assets.xcassets */,
			);
			path = "Preview Content";
			sourceTree = "<group>";
		};
		BB852E952B6FA23900AA7043 /* Model */ = {
			isa = PBXGroup;
			children = (
				BB852E992B6FA26B00AA7043 /* DataModel.swift */,
			);
			path = Model;
			sourceTree = "<group>";
		};
		BB852E962B6FA23E00AA7043 /* Service */ = {
			isa = PBXGroup;
			children = (
				BB852E9B2B6FA38300AA7043 /* NetworkManager.swift */,
				BB18EB9D2B7E08D300786AE2 /* Manager.swift */,
				BB29F61E2B8BE75F00853361 /* NetworkMonitor.swift */,
			);
			path = Service;
			sourceTree = "<group>";
		};
		BB852E972B6FA24800AA7043 /* ViewModel */ = {
			isa = PBXGroup;
			children = (
				BB852E9D2B6FA82A00AA7043 /* MainPageViewModel.swift */,
				BB852EA62B6FCA7700AA7043 /* ImageHandle.swift */,
				BB716CAF2B970B0C00A440FE /* ViewModelAd.swift */,
			);
			path = ViewModel;
			sourceTree = "<group>";
		};
		BB852E982B6FA25400AA7043 /* Views */ = {
			isa = PBXGroup;
			children = (
				BB852EC42B72F05C00AA7043 /* TabView.swift */,
				BB5891132B94800400B72DDA /* SearchView.swift */,
				BB8B228A2B76EA52001AB1F2 /* Category */,
				BBF816C32B7D5226009CEFBA /* ArticleView */,
				BB29F6152B8A6BDA00853361 /* PopularView */,
				BB29F6222B8BEF9400853361 /* Menu */,
				BB716CB32B976DD900A440FE /* ForYou */,
				BB852EAC2B704A6500AA7043 /* Other */,
			);
			path = Views;
			sourceTree = "<group>";
		};
		BB852EA12B6FBB8F00AA7043 /* Constant */ = {
			isa = PBXGroup;
			children = (
				BB5C7E002B9A439B0081AC52 /* Constants.swift */,
				BB852EC22B72EB9C00AA7043 /* TabBarItems.swift */,
			);
			path = Constant;
			sourceTree = "<group>";
		};
		BB852EAC2B704A6500AA7043 /* Other */ = {
			isa = PBXGroup;
			children = (
				BB852EAA2B701BDB00AA7043 /* NavigationBar.swift */,
				BB18EB9F2B7E277400786AE2 /* NavigationBarBack.swift */,
				BB852EAD2B704A8600AA7043 /* LoadingViewLogo.swift */,
				BB3CECEC2B75964D00DF287B /* loadingScreen.swift */,
				BB852EC02B72EA4700AA7043 /* UpButton.swift */,
				BB29F6202B8BE83A00853361 /* NoConnection.swift */,
			);
			path = Other;
			sourceTree = "<group>";
		};
		BB8B228A2B76EA52001AB1F2 /* Category */ = {
			isa = PBXGroup;
			children = (
				BB852E9F2B6FB0A000AA7043 /* CategoryView.swift */,
				BB852EA42B6FC15300AA7043 /* CategoryViewCell.swift */,
				BB852EB62B705A1900AA7043 /* CategoryRectangle.swift */,
				BB716C9F2B94FEC600A440FE /* CategoryRectangleNew.swift */,
				BB852EBC2B72304000AA7043 /* Categories.swift */,
			);
			path = Category;
			sourceTree = "<group>";
		};
		BBF816C32B7D5226009CEFBA /* ArticleView */ = {
			isa = PBXGroup;
			children = (
				BB852EB82B71658700AA7043 /* ArticleView.swift */,
				BBF816C42B7D5240009CEFBA /* ArticleViewBegining.swift */,
				BB2A55702B83F5C8001F1993 /* ArticleBody.swift */,
				BBC3AD732B86A139008BE6B5 /* Writer.swift */,
				BBC3AD772B875408008BE6B5 /* MoreArticle.swift */,
				BBC3AD7D2B875AA5008BE6B5 /* ScrollArticle.swift */,
				BB716CAD2B9686FF00A440FE /* NativeAdView.swift */,
				BB716CB12B9713E800A440FE /* NativeAdView.xib */,
				BB2A556D2B7F97A5001F1993 /* EndArticle */,
			);
			path = ArticleView;
			sourceTree = "<group>";
		};
/* End PBXGroup section */

/* Begin PBXNativeTarget section */
		BB5890FE2B93441C00B72DDA /* OneSignalNotificationServiceExtension */ = {
			isa = PBXNativeTarget;
			buildConfigurationList = BB5891072B93441C00B72DDA /* Build configuration list for PBXNativeTarget "OneSignalNotificationServiceExtension" */;
			buildPhases = (
				BB5890FB2B93441C00B72DDA /* Sources */,
				BB5890FC2B93441C00B72DDA /* Frameworks */,
				BB5890FD2B93441C00B72DDA /* Resources */,
			);
			buildRules = (
			);
			dependencies = (
			);
			name = OneSignalNotificationServiceExtension;
			packageProductDependencies = (
				BB58910D2B93472900B72DDA /* OneSignalExtension */,
			);
			productName = OneSignalNotificationServiceExtension;
			productReference = BB5890FF2B93441C00B72DDA /* OneSignalNotificationServiceExtension.appex */;
			productType = "com.apple.product-type.app-extension";
		};
		BB852E7E2B6FA1B100AA7043 /* PolimatsUI */ = {
			isa = PBXNativeTarget;
			buildConfigurationList = BB852E922B6FA1B300AA7043 /* Build configuration list for PBXNativeTarget "PolimatsUI" */;
			buildPhases = (
				BB852E7B2B6FA1B100AA7043 /* Sources */,
				BB852E7C2B6FA1B100AA7043 /* Frameworks */,
				BB852E7D2B6FA1B100AA7043 /* Resources */,
				BB58910A2B93441C00B72DDA /* Embed Foundation Extensions */,
			);
			buildRules = (
			);
			dependencies = (
				BB5891052B93441C00B72DDA /* PBXTargetDependency */,
			);
			name = PolimatsUI;
			packageProductDependencies = (
				BB2A556B2B7EA80B001F1993 /* SwiftSoup */,
				BBA38C962B8E4BEE00E4BC34 /* Lottie */,
				BB58910F2B93472900B72DDA /* OneSignalFramework */,
				BB5891112B93472900B72DDA /* OneSignalInAppMessages */,
				BB716CAB2B96837C00A440FE /* GoogleMobileAds */,
			);
			productName = PolimatsUI;
			productReference = BB852E7F2B6FA1B100AA7043 /* PolimatsUI.app */;
			productType = "com.apple.product-type.application";
		};
/* End PBXNativeTarget section */

/* Begin PBXProject section */
		BB852E772B6FA1B100AA7043 /* Project object */ = {
			isa = PBXProject;
			attributes = {
				BuildIndependentTargetsInParallel = 1;
				LastSwiftUpdateCheck = 1520;
				LastUpgradeCheck = 1520;
				TargetAttributes = {
					BB5890FE2B93441C00B72DDA = {
						CreatedOnToolsVersion = 15.2;
					};
					BB852E7E2B6FA1B100AA7043 = {
						CreatedOnToolsVersion = 15.2;
					};
				};
			};
			buildConfigurationList = BB852E7A2B6FA1B100AA7043 /* Build configuration list for PBXProject "PolimatsUI" */;
			compatibilityVersion = "Xcode 14.0";
			developmentRegion = en;
			hasScannedForEncodings = 0;
			knownRegions = (
				en,
				Base,
			);
			mainGroup = BB852E762B6FA1B100AA7043;
			packageReferences = (
				BB2A556A2B7EA80B001F1993 /* XCRemoteSwiftPackageReference "SwiftSoup" */,
				BBA38C952B8E4BEE00E4BC34 /* XCRemoteSwiftPackageReference "lottie-spm" */,
				BB58910C2B93472900B72DDA /* XCRemoteSwiftPackageReference "OneSignal-XCFramework" */,
				BB716CAA2B96837C00A440FE /* XCRemoteSwiftPackageReference "swift-package-manager-google-mobile-ads" */,
			);
			productRefGroup = BB852E802B6FA1B100AA7043 /* Products */;
			projectDirPath = "";
			projectRoot = "";
			targets = (
				BB852E7E2B6FA1B100AA7043 /* PolimatsUI */,
				BB5890FE2B93441C00B72DDA /* OneSignalNotificationServiceExtension */,
			);
		};
/* End PBXProject section */

/* Begin PBXResourcesBuildPhase section */
		BB5890FD2B93441C00B72DDA /* Resources */ = {
			isa = PBXResourcesBuildPhase;
			buildActionMask = 2147483647;
			files = (
			);
			runOnlyForDeploymentPostprocessing = 0;
		};
		BB852E7D2B6FA1B100AA7043 /* Resources */ = {
			isa = PBXResourcesBuildPhase;
			buildActionMask = 2147483647;
			files = (
				BB716CA72B95250400A440FE /* Comfortaa-Light.ttf in Resources */,
				BB852EB42B704C0D00AA7043 /* Roboto-Medium.ttf in Resources */,
				BBA3CACD2BA46EC20048ECB8 /* wifi.json in Resources */,
				BB716CB22B9713E800A440FE /* NativeAdView.xib in Resources */,
				BB852EB22B704C0D00AA7043 /* Roboto-Regular.ttf in Resources */,
				BB852E8A2B6FA1B300AA7043 /* Preview Assets.xcassets in Resources */,
				BB852EB32B704C0D00AA7043 /* Roboto-Bold.ttf in Resources */,
				BB5C7DFF2B9A3DAE0081AC52 /* search.json in Resources */,
				BB852E872B6FA1B300AA7043 /* Assets.xcassets in Resources */,
				BB716CA82B95250400A440FE /* Comfortaa-Regular.ttf in Resources */,
				BB716CA62B95250400A440FE /* Comfortaa-Bold.ttf in Resources */,
			);
			runOnlyForDeploymentPostprocessing = 0;
		};
/* End PBXResourcesBuildPhase section */

/* Begin PBXSourcesBuildPhase section */
		BB5890FB2B93441C00B72DDA /* Sources */ = {
			isa = PBXSourcesBuildPhase;
			buildActionMask = 2147483647;
			files = (
				BB5891022B93441C00B72DDA /* NotificationService.swift in Sources */,
			);
			runOnlyForDeploymentPostprocessing = 0;
		};
		BB852E7B2B6FA1B100AA7043 /* Sources */ = {
			isa = PBXSourcesBuildPhase;
			buildActionMask = 2147483647;
			files = (
				BB852E9C2B6FA38300AA7043 /* NetworkManager.swift in Sources */,
				BB29F6172B8A6C0E00853361 /* PopularView.swift in Sources */,
				BB852EB72B705A1900AA7043 /* CategoryRectangle.swift in Sources */,
				BBC3AD7E2B875AA5008BE6B5 /* ScrollArticle.swift in Sources */,
				BB3CECED2B75964D00DF287B /* loadingScreen.swift in Sources */,
				BB852EC32B72EB9C00AA7043 /* TabBarItems.swift in Sources */,
				BBC3AD782B875408008BE6B5 /* MoreArticle.swift in Sources */,
				BB852EA02B6FB0A000AA7043 /* CategoryView.swift in Sources */,
				BB852EC52B72F05C00AA7043 /* TabView.swift in Sources */,
				BBBB7D382B97A47C00244FB0 /* ForYouBeginning.swift in Sources */,
				BBC3AD702B8627F7008BE6B5 /* Team.swift in Sources */,
				BB852E9A2B6FA26B00AA7043 /* DataModel.swift in Sources */,
				BB716CB02B970B0C00A440FE /* ViewModelAd.swift in Sources */,
				BB852EBD2B72304000AA7043 /* Categories.swift in Sources */,
				BB852E8C2B6FA1B300AA7043 /* Persistence.swift in Sources */,
				BB852EC12B72EA4700AA7043 /* UpButton.swift in Sources */,
				BBC3AD722B864F83008BE6B5 /* AboutUs.swift in Sources */,
				BB7388AA2B8D19BC007F792F /* MailView.swift in Sources */,
				BBBB7D362B976F4400244FB0 /* ForYouView.swift in Sources */,
				BB5891142B94800400B72DDA /* SearchView.swift in Sources */,
				BB716CAE2B9686FF00A440FE /* NativeAdView.swift in Sources */,
				BB852EBB2B71666B00AA7043 /* EndArticle.swift in Sources */,
				BB5C7E0D2B9F6ACC0081AC52 /* MadeIn.swift in Sources */,
				BB852EA52B6FC15300AA7043 /* CategoryViewCell.swift in Sources */,
				BB5C7E012B9A439B0081AC52 /* Constants.swift in Sources */,
				BB852EB92B71658700AA7043 /* ArticleView.swift in Sources */,
				BB2A55732B852E6D001F1993 /* ContentUsage.swift in Sources */,
				BB852E8F2B6FA1B300AA7043 /* PolimatsUI.xcdatamodeld in Sources */,
				BB29F6242B8BEFB000853361 /* MenuItem.swift in Sources */,
				BB29F6192B8A6C1C00853361 /* PopularCell.swift in Sources */,
				BB852EA72B6FCA7700AA7043 /* ImageHandle.swift in Sources */,
				BB29F6212B8BE83A00853361 /* NoConnection.swift in Sources */,
				BB716CA02B94FEC600A440FE /* CategoryRectangleNew.swift in Sources */,
				BB2A55752B85400B001F1993 /* Announcement.swift in Sources */,
				BBC3AD742B86A139008BE6B5 /* Writer.swift in Sources */,
				BB2A556F2B7F97C0001F1993 /* KKVK.swift in Sources */,
				BB29F61F2B8BE75F00853361 /* NetworkMonitor.swift in Sources */,
				BB852E9E2B6FA82A00AA7043 /* MainPageViewModel.swift in Sources */,
				BBC3AD802B87D84D008BE6B5 /* MenuView.swift in Sources */,
				BB852E832B6FA1B100AA7043 /* PolimatsUIApp.swift in Sources */,
				BB18EB9E2B7E08D300786AE2 /* Manager.swift in Sources */,
				BB852EAE2B704A8600AA7043 /* LoadingViewLogo.swift in Sources */,
				BB18EBA02B7E277400786AE2 /* NavigationBarBack.swift in Sources */,
				BBA38C9D2B8E919400E4BC34 /* EndArticleCategory.swift in Sources */,
				BBF816C52B7D5240009CEFBA /* ArticleViewBegining.swift in Sources */,
				BB29F61D2B8B851900853361 /* PopularArticleView.swift in Sources */,
				BB2A55712B83F5C8001F1993 /* ArticleBody.swift in Sources */,
				BB852EAB2B701BDB00AA7043 /* NavigationBar.swift in Sources */,
			);
			runOnlyForDeploymentPostprocessing = 0;
		};
/* End PBXSourcesBuildPhase section */

/* Begin PBXTargetDependency section */
		BB5891052B93441C00B72DDA /* PBXTargetDependency */ = {
			isa = PBXTargetDependency;
			target = BB5890FE2B93441C00B72DDA /* OneSignalNotificationServiceExtension */;
			targetProxy = BB5891042B93441C00B72DDA /* PBXContainerItemProxy */;
		};
/* End PBXTargetDependency section */

/* Begin XCBuildConfiguration section */
		BB5891082B93441C00B72DDA /* Debug */ = {
			isa = XCBuildConfiguration;
			buildSettings = {
				CODE_SIGN_ENTITLEMENTS = OneSignalNotificationServiceExtension/OneSignalNotificationServiceExtension.entitlements;
				CODE_SIGN_STYLE = Automatic;
				CURRENT_PROJECT_VERSION = 1;
				DEVELOPMENT_TEAM = 27JCDAS664;
				GENERATE_INFOPLIST_FILE = YES;
				INFOPLIST_FILE = OneSignalNotificationServiceExtension/Info.plist;
				INFOPLIST_KEY_CFBundleDisplayName = OneSignalNotificationServiceExtension;
				INFOPLIST_KEY_NSHumanReadableCopyright = "";
				IPHONEOS_DEPLOYMENT_TARGET = 16.0;
				LD_RUNPATH_SEARCH_PATHS = (
					"$(inherited)",
					"@executable_path/Frameworks",
					"@executable_path/../../Frameworks",
				);
				MARKETING_VERSION = 1.0;
				PRODUCT_BUNDLE_IDENTIFIER = com.AtakanBasaran.Polimats.OneSignalNotificationServiceExtension;
				PRODUCT_NAME = "$(TARGET_NAME)";
				SKIP_INSTALL = YES;
				SWIFT_EMIT_LOC_STRINGS = YES;
				SWIFT_VERSION = 5.0;
				TARGETED_DEVICE_FAMILY = "1,2";
			};
			name = Debug;
		};
		BB5891092B93441C00B72DDA /* Release */ = {
			isa = XCBuildConfiguration;
			buildSettings = {
				CODE_SIGN_ENTITLEMENTS = OneSignalNotificationServiceExtension/OneSignalNotificationServiceExtension.entitlements;
				CODE_SIGN_STYLE = Automatic;
				CURRENT_PROJECT_VERSION = 1;
				DEVELOPMENT_TEAM = 27JCDAS664;
				GENERATE_INFOPLIST_FILE = YES;
				INFOPLIST_FILE = OneSignalNotificationServiceExtension/Info.plist;
				INFOPLIST_KEY_CFBundleDisplayName = OneSignalNotificationServiceExtension;
				INFOPLIST_KEY_NSHumanReadableCopyright = "";
				IPHONEOS_DEPLOYMENT_TARGET = 16.0;
				LD_RUNPATH_SEARCH_PATHS = (
					"$(inherited)",
					"@executable_path/Frameworks",
					"@executable_path/../../Frameworks",
				);
				MARKETING_VERSION = 1.0;
				PRODUCT_BUNDLE_IDENTIFIER = com.AtakanBasaran.Polimats.OneSignalNotificationServiceExtension;
				PRODUCT_NAME = "$(TARGET_NAME)";
				SKIP_INSTALL = YES;
				SWIFT_EMIT_LOC_STRINGS = YES;
				SWIFT_VERSION = 5.0;
				TARGETED_DEVICE_FAMILY = "1,2";
			};
			name = Release;
		};
		BB852E902B6FA1B300AA7043 /* Debug */ = {
			isa = XCBuildConfiguration;
			buildSettings = {
				ALWAYS_SEARCH_USER_PATHS = NO;
				ASSETCATALOG_COMPILER_GENERATE_SWIFT_ASSET_SYMBOL_EXTENSIONS = YES;
				CLANG_ANALYZER_NONNULL = YES;
				CLANG_ANALYZER_NUMBER_OBJECT_CONVERSION = YES_AGGRESSIVE;
				CLANG_CXX_LANGUAGE_STANDARD = "gnu++20";
				CLANG_ENABLE_MODULES = YES;
				CLANG_ENABLE_OBJC_ARC = YES;
				CLANG_ENABLE_OBJC_WEAK = YES;
				CLANG_WARN_BLOCK_CAPTURE_AUTORELEASING = YES;
				CLANG_WARN_BOOL_CONVERSION = YES;
				CLANG_WARN_COMMA = YES;
				CLANG_WARN_CONSTANT_CONVERSION = YES;
				CLANG_WARN_DEPRECATED_OBJC_IMPLEMENTATIONS = YES;
				CLANG_WARN_DIRECT_OBJC_ISA_USAGE = YES_ERROR;
				CLANG_WARN_DOCUMENTATION_COMMENTS = YES;
				CLANG_WARN_EMPTY_BODY = YES;
				CLANG_WARN_ENUM_CONVERSION = YES;
				CLANG_WARN_INFINITE_RECURSION = YES;
				CLANG_WARN_INT_CONVERSION = YES;
				CLANG_WARN_NON_LITERAL_NULL_CONVERSION = YES;
				CLANG_WARN_OBJC_IMPLICIT_RETAIN_SELF = YES;
				CLANG_WARN_OBJC_LITERAL_CONVERSION = YES;
				CLANG_WARN_OBJC_ROOT_CLASS = YES_ERROR;
				CLANG_WARN_QUOTED_INCLUDE_IN_FRAMEWORK_HEADER = YES;
				CLANG_WARN_RANGE_LOOP_ANALYSIS = YES;
				CLANG_WARN_STRICT_PROTOTYPES = YES;
				CLANG_WARN_SUSPICIOUS_MOVE = YES;
				CLANG_WARN_UNGUARDED_AVAILABILITY = YES_AGGRESSIVE;
				CLANG_WARN_UNREACHABLE_CODE = YES;
				CLANG_WARN__DUPLICATE_METHOD_MATCH = YES;
				COPY_PHASE_STRIP = NO;
				DEBUG_INFORMATION_FORMAT = dwarf;
				ENABLE_STRICT_OBJC_MSGSEND = YES;
				ENABLE_TESTABILITY = YES;
				ENABLE_USER_SCRIPT_SANDBOXING = YES;
				GCC_C_LANGUAGE_STANDARD = gnu17;
				GCC_DYNAMIC_NO_PIC = NO;
				GCC_NO_COMMON_BLOCKS = YES;
				GCC_OPTIMIZATION_LEVEL = 1;
				GCC_PREPROCESSOR_DEFINITIONS = (
					"DEBUG=1",
					"$(inherited)",
				);
				GCC_WARN_64_TO_32_BIT_CONVERSION = YES;
				GCC_WARN_ABOUT_RETURN_TYPE = YES_ERROR;
				GCC_WARN_UNDECLARED_SELECTOR = YES;
				GCC_WARN_UNINITIALIZED_AUTOS = YES_AGGRESSIVE;
				GCC_WARN_UNUSED_FUNCTION = YES;
				GCC_WARN_UNUSED_VARIABLE = YES;
				IPHONEOS_DEPLOYMENT_TARGET = 16.0;
				LOCALIZATION_PREFERS_STRING_CATALOGS = YES;
				MTL_ENABLE_DEBUG_INFO = INCLUDE_SOURCE;
				MTL_FAST_MATH = YES;
				ONLY_ACTIVE_ARCH = YES;
				SDKROOT = iphoneos;
				SWIFT_ACTIVE_COMPILATION_CONDITIONS = "DEBUG $(inherited)";
				SWIFT_OPTIMIZATION_LEVEL = "-O";
			};
			name = Debug;
		};
		BB852E912B6FA1B300AA7043 /* Release */ = {
			isa = XCBuildConfiguration;
			buildSettings = {
				ALWAYS_SEARCH_USER_PATHS = NO;
				ASSETCATALOG_COMPILER_GENERATE_SWIFT_ASSET_SYMBOL_EXTENSIONS = YES;
				CLANG_ANALYZER_NONNULL = YES;
				CLANG_ANALYZER_NUMBER_OBJECT_CONVERSION = YES_AGGRESSIVE;
				CLANG_CXX_LANGUAGE_STANDARD = "gnu++20";
				CLANG_ENABLE_MODULES = YES;
				CLANG_ENABLE_OBJC_ARC = YES;
				CLANG_ENABLE_OBJC_WEAK = YES;
				CLANG_WARN_BLOCK_CAPTURE_AUTORELEASING = YES;
				CLANG_WARN_BOOL_CONVERSION = YES;
				CLANG_WARN_COMMA = YES;
				CLANG_WARN_CONSTANT_CONVERSION = YES;
				CLANG_WARN_DEPRECATED_OBJC_IMPLEMENTATIONS = YES;
				CLANG_WARN_DIRECT_OBJC_ISA_USAGE = YES_ERROR;
				CLANG_WARN_DOCUMENTATION_COMMENTS = YES;
				CLANG_WARN_EMPTY_BODY = YES;
				CLANG_WARN_ENUM_CONVERSION = YES;
				CLANG_WARN_INFINITE_RECURSION = YES;
				CLANG_WARN_INT_CONVERSION = YES;
				CLANG_WARN_NON_LITERAL_NULL_CONVERSION = YES;
				CLANG_WARN_OBJC_IMPLICIT_RETAIN_SELF = YES;
				CLANG_WARN_OBJC_LITERAL_CONVERSION = YES;
				CLANG_WARN_OBJC_ROOT_CLASS = YES_ERROR;
				CLANG_WARN_QUOTED_INCLUDE_IN_FRAMEWORK_HEADER = YES;
				CLANG_WARN_RANGE_LOOP_ANALYSIS = YES;
				CLANG_WARN_STRICT_PROTOTYPES = YES;
				CLANG_WARN_SUSPICIOUS_MOVE = YES;
				CLANG_WARN_UNGUARDED_AVAILABILITY = YES_AGGRESSIVE;
				CLANG_WARN_UNREACHABLE_CODE = YES;
				CLANG_WARN__DUPLICATE_METHOD_MATCH = YES;
				COPY_PHASE_STRIP = NO;
				DEBUG_INFORMATION_FORMAT = "dwarf-with-dsym";
				ENABLE_NS_ASSERTIONS = NO;
				ENABLE_STRICT_OBJC_MSGSEND = YES;
				ENABLE_USER_SCRIPT_SANDBOXING = YES;
				GCC_C_LANGUAGE_STANDARD = gnu17;
				GCC_NO_COMMON_BLOCKS = YES;
				GCC_WARN_64_TO_32_BIT_CONVERSION = YES;
				GCC_WARN_ABOUT_RETURN_TYPE = YES_ERROR;
				GCC_WARN_UNDECLARED_SELECTOR = YES;
				GCC_WARN_UNINITIALIZED_AUTOS = YES_AGGRESSIVE;
				GCC_WARN_UNUSED_FUNCTION = YES;
				GCC_WARN_UNUSED_VARIABLE = YES;
				IPHONEOS_DEPLOYMENT_TARGET = 16.0;
				LOCALIZATION_PREFERS_STRING_CATALOGS = YES;
				MTL_ENABLE_DEBUG_INFO = NO;
				MTL_FAST_MATH = YES;
				SDKROOT = iphoneos;
				SWIFT_COMPILATION_MODE = wholemodule;
				VALIDATE_PRODUCT = YES;
			};
			name = Release;
		};
		BB852E932B6FA1B300AA7043 /* Debug */ = {
			isa = XCBuildConfiguration;
			buildSettings = {
				ALWAYS_EMBED_SWIFT_STANDARD_LIBRARIES = YES;
				ASSETCATALOG_COMPILER_APPICON_NAME = AppIcon;
				ASSETCATALOG_COMPILER_GLOBAL_ACCENT_COLOR_NAME = AccentColor;
				CODE_SIGN_ENTITLEMENTS = PolimatsUI/PolimatsUI.entitlements;
				CODE_SIGN_STYLE = Automatic;
				CURRENT_PROJECT_VERSION = 1;
				DEVELOPMENT_ASSET_PATHS = "\"PolimatsUI/Preview Content\"";
				DEVELOPMENT_TEAM = 27JCDAS664;
				ENABLE_PREVIEWS = YES;
				GCC_OPTIMIZATION_LEVEL = 1;
				GENERATE_INFOPLIST_FILE = YES;
				INFOPLIST_FILE = PolimatsUI/Info.plist;
				INFOPLIST_KEY_CFBundleDisplayName = polimats;
				INFOPLIST_KEY_LSApplicationCategoryType = "public.app-category.entertainment";
				INFOPLIST_KEY_NSUserTrackingUsageDescription = "Size özel reklamlar göstermek için sizden izin istiyoruz";
				INFOPLIST_KEY_UIApplicationSceneManifest_Generation = YES;
				INFOPLIST_KEY_UIApplicationSupportsIndirectInputEvents = YES;
				INFOPLIST_KEY_UILaunchScreen_Generation = YES;
				INFOPLIST_KEY_UISupportedInterfaceOrientations = UIInterfaceOrientationPortrait;
				IPHONEOS_DEPLOYMENT_TARGET = 16.0;
				LD_RUNPATH_SEARCH_PATHS = (
					"$(inherited)",
					"@executable_path/Frameworks",
				);
				MARKETING_VERSION = 3.0;
				PRODUCT_BUNDLE_IDENTIFIER = com.AtakanBasaran.Polimats;
				PRODUCT_NAME = "$(TARGET_NAME)";
				SUPPORTED_PLATFORMS = "iphoneos iphonesimulator";
				SUPPORTS_MACCATALYST = NO;
				SUPPORTS_MAC_DESIGNED_FOR_IPHONE_IPAD = NO;
				SWIFT_EMIT_LOC_STRINGS = YES;
				SWIFT_OPTIMIZATION_LEVEL = "-O";
				SWIFT_VERSION = 5.0;
				TARGETED_DEVICE_FAMILY = 1;
			};
			name = Debug;
		};
		BB852E942B6FA1B300AA7043 /* Release */ = {
			isa = XCBuildConfiguration;
			buildSettings = {
				ALWAYS_EMBED_SWIFT_STANDARD_LIBRARIES = YES;
				ASSETCATALOG_COMPILER_APPICON_NAME = AppIcon;
				ASSETCATALOG_COMPILER_GLOBAL_ACCENT_COLOR_NAME = AccentColor;
				CODE_SIGN_ENTITLEMENTS = PolimatsUI/PolimatsUI.entitlements;
				CODE_SIGN_STYLE = Automatic;
				CURRENT_PROJECT_VERSION = 1;
				DEVELOPMENT_ASSET_PATHS = "\"PolimatsUI/Preview Content\"";
				DEVELOPMENT_TEAM = 27JCDAS664;
				ENABLE_PREVIEWS = YES;
				GENERATE_INFOPLIST_FILE = YES;
				INFOPLIST_FILE = PolimatsUI/Info.plist;
				INFOPLIST_KEY_CFBundleDisplayName = polimats;
				INFOPLIST_KEY_LSApplicationCategoryType = "public.app-category.entertainment";
				INFOPLIST_KEY_NSUserTrackingUsageDescription = "Size özel reklamlar göstermek için sizden izin istiyoruz";
				INFOPLIST_KEY_UIApplicationSceneManifest_Generation = YES;
				INFOPLIST_KEY_UIApplicationSupportsIndirectInputEvents = YES;
				INFOPLIST_KEY_UILaunchScreen_Generation = YES;
				INFOPLIST_KEY_UISupportedInterfaceOrientations = UIInterfaceOrientationPortrait;
				IPHONEOS_DEPLOYMENT_TARGET = 16.0;
				LD_RUNPATH_SEARCH_PATHS = (
					"$(inherited)",
					"@executable_path/Frameworks",
				);
				MARKETING_VERSION = 3.0;
				PRODUCT_BUNDLE_IDENTIFIER = com.AtakanBasaran.Polimats;
				PRODUCT_NAME = "$(TARGET_NAME)";
				SUPPORTED_PLATFORMS = "iphoneos iphonesimulator";
				SUPPORTS_MACCATALYST = NO;
				SUPPORTS_MAC_DESIGNED_FOR_IPHONE_IPAD = NO;
				SWIFT_EMIT_LOC_STRINGS = YES;
				SWIFT_VERSION = 5.0;
				TARGETED_DEVICE_FAMILY = 1;
			};
			name = Release;
		};
/* End XCBuildConfiguration section */

/* Begin XCConfigurationList section */
		BB5891072B93441C00B72DDA /* Build configuration list for PBXNativeTarget "OneSignalNotificationServiceExtension" */ = {
			isa = XCConfigurationList;
			buildConfigurations = (
				BB5891082B93441C00B72DDA /* Debug */,
				BB5891092B93441C00B72DDA /* Release */,
			);
			defaultConfigurationIsVisible = 0;
			defaultConfigurationName = Release;
		};
		BB852E7A2B6FA1B100AA7043 /* Build configuration list for PBXProject "PolimatsUI" */ = {
			isa = XCConfigurationList;
			buildConfigurations = (
				BB852E902B6FA1B300AA7043 /* Debug */,
				BB852E912B6FA1B300AA7043 /* Release */,
			);
			defaultConfigurationIsVisible = 0;
			defaultConfigurationName = Release;
		};
		BB852E922B6FA1B300AA7043 /* Build configuration list for PBXNativeTarget "PolimatsUI" */ = {
			isa = XCConfigurationList;
			buildConfigurations = (
				BB852E932B6FA1B300AA7043 /* Debug */,
				BB852E942B6FA1B300AA7043 /* Release */,
			);
			defaultConfigurationIsVisible = 0;
			defaultConfigurationName = Release;
		};
/* End XCConfigurationList section */

/* Begin XCRemoteSwiftPackageReference section */
		BB2A556A2B7EA80B001F1993 /* XCRemoteSwiftPackageReference "SwiftSoup" */ = {
			isa = XCRemoteSwiftPackageReference;
			repositoryURL = "https://github.com/scinfu/SwiftSoup.git";
			requirement = {
				kind = upToNextMajorVersion;
				minimumVersion = 2.7.1;
			};
		};
		BB58910C2B93472900B72DDA /* XCRemoteSwiftPackageReference "OneSignal-XCFramework" */ = {
			isa = XCRemoteSwiftPackageReference;
			repositoryURL = "https://github.com/OneSignal/OneSignal-XCFramework";
			requirement = {
				kind = upToNextMajorVersion;
				minimumVersion = 5.1.0;
			};
		};
		BB716CAA2B96837C00A440FE /* XCRemoteSwiftPackageReference "swift-package-manager-google-mobile-ads" */ = {
			isa = XCRemoteSwiftPackageReference;
			repositoryURL = "https://github.com/googleads/swift-package-manager-google-mobile-ads.git";
			requirement = {
				kind = upToNextMajorVersion;
				minimumVersion = 11.0.1;
			};
		};
		BBA38C952B8E4BEE00E4BC34 /* XCRemoteSwiftPackageReference "lottie-spm" */ = {
			isa = XCRemoteSwiftPackageReference;
			repositoryURL = "https://github.com/airbnb/lottie-spm.git";
			requirement = {
				kind = upToNextMajorVersion;
				minimumVersion = 4.4.1;
			};
		};
/* End XCRemoteSwiftPackageReference section */

/* Begin XCSwiftPackageProductDependency section */
		BB2A556B2B7EA80B001F1993 /* SwiftSoup */ = {
			isa = XCSwiftPackageProductDependency;
			package = BB2A556A2B7EA80B001F1993 /* XCRemoteSwiftPackageReference "SwiftSoup" */;
			productName = SwiftSoup;
		};
		BB58910D2B93472900B72DDA /* OneSignalExtension */ = {
			isa = XCSwiftPackageProductDependency;
			package = BB58910C2B93472900B72DDA /* XCRemoteSwiftPackageReference "OneSignal-XCFramework" */;
			productName = OneSignalExtension;
		};
		BB58910F2B93472900B72DDA /* OneSignalFramework */ = {
			isa = XCSwiftPackageProductDependency;
			package = BB58910C2B93472900B72DDA /* XCRemoteSwiftPackageReference "OneSignal-XCFramework" */;
			productName = OneSignalFramework;
		};
		BB5891112B93472900B72DDA /* OneSignalInAppMessages */ = {
			isa = XCSwiftPackageProductDependency;
			package = BB58910C2B93472900B72DDA /* XCRemoteSwiftPackageReference "OneSignal-XCFramework" */;
			productName = OneSignalInAppMessages;
		};
		BB716CAB2B96837C00A440FE /* GoogleMobileAds */ = {
			isa = XCSwiftPackageProductDependency;
			package = BB716CAA2B96837C00A440FE /* XCRemoteSwiftPackageReference "swift-package-manager-google-mobile-ads" */;
			productName = GoogleMobileAds;
		};
		BBA38C962B8E4BEE00E4BC34 /* Lottie */ = {
			isa = XCSwiftPackageProductDependency;
			package = BBA38C952B8E4BEE00E4BC34 /* XCRemoteSwiftPackageReference "lottie-spm" */;
			productName = Lottie;
		};
/* End XCSwiftPackageProductDependency section */

/* Begin XCVersionGroup section */
		BB852E8D2B6FA1B300AA7043 /* PolimatsUI.xcdatamodeld */ = {
			isa = XCVersionGroup;
			children = (
				BB852E8E2B6FA1B300AA7043 /* PolimatsUI.xcdatamodel */,
			);
			currentVersion = BB852E8E2B6FA1B300AA7043 /* PolimatsUI.xcdatamodel */;
			path = PolimatsUI.xcdatamodeld;
			sourceTree = "<group>";
			versionGroupType = wrapper.xcdatamodel;
		};
/* End XCVersionGroup section */
	};
	rootObject = BB852E772B6FA1B100AA7043 /* Project object */;
}
